{
    "requires": true,
    "lockfileVersion": 1,
    "dependencies": {
        "fade-text": {
            "version": "0.1.4",
            "resolved": "https://registry.npmjs.org/fade-text/-/fade-text-0.1.4.tgz",
            "integrity": "sha512-Il5MPRFQlVoayUf1+o3+je3CJoWcEsXFvy2EDN5B/7t/Sma1koEYsz8Vx6zZ9nHF8nxsKsrbQy7CM72v+naDeA=="
        }
    }
}
